
Microsoft Visual Studio Solution File, Format Version 12.00
# Visual Studio 14
VisualStudioVersion = 14.0.25420.1
MinimumVisualStudioVersion = 10.0.40219.1
Project("{FAE04EC0-301F-11D3-BF4B-00C04F79EFBC}") = "TelnetServerApp", "TelnetServerApp\TelnetServerApp.csproj", "{352ADD3D-1FB8-469B-AB3C-F6CD40509DCB}"
EndProject
Project("{FAE04EC0-301F-11D3-BF4B-00C04F79EFBC}") = "TelnetClientApp", "TelnetClientApp\TelnetClientApp.csproj", "{6C6409DF-6A6E-4C68-A6E3-C9199D888D98}"
EndProject
Global
	GlobalSection(SolutionConfigurationPlatforms) = preSolution
		Debug|Any CPU = Debug|Any CPU
		Release|Any CPU = Release|Any CPU
	EndGlobalSection
	GlobalSection(ProjectConfigurationPlatforms) = postSolution
		{352ADD3D-1FB8-469B-AB3C-F6CD40509DCB}.Debug|Any CPU.ActiveCfg = Debug|Any CPU
		{352ADD3D-1FB8-469B-AB3C-F6CD40509DCB}.Debug|Any CPU.Build.0 = Debug|Any CPU
		{352ADD3D-1FB8-469B-AB3C-F6CD40509DCB}.Release|Any CPU.ActiveCfg = Release|Any CPU
		{352ADD3D-1FB8-469B-AB3C-F6CD40509DCB}.Release|Any CPU.Build.0 = Release|Any CPU
		{6C6409DF-6A6E-4C68-A6E3-C9199D888D98}.Debug|Any CPU.ActiveCfg = Debug|Any CPU
		{6C6409DF-6A6E-4C68-A6E3-C9199D888D98}.Debug|Any CPU.Build.0 = Debug|Any CPU
		{6C6409DF-6A6E-4C68-A6E3-C9199D888D98}.Release|Any CPU.ActiveCfg = Release|Any CPU
		{6C6409DF-6A6E-4C68-A6E3-C9199D888D98}.Release|Any CPU.Build.0 = Release|Any CPU
	EndGlobalSection
	GlobalSection(SolutionProperties) = preSolution
		HideSolutionNode = FALSE
	EndGlobalSection
EndGlobal
